
Microsoft Visual Studio Solution File, Format Version 12.00
# Visual Studio Version 17
VisualStudioVersion = 17.12.35527.113
MinimumVisualStudioVersion = 10.0.40219.1
Project("{FAE04EC0-301F-11D3-BF4B-00C04F79EFBC}") = "TravelTour", "TravelTour\TravelTour.csproj", "{6774AD64-2831-4485-ABD2-3C37EE9AB8A4}"
EndProject
Project("{FAE04EC0-301F-11D3-BF4B-00C04F79EFBC}") = "DTO", "DTO\DTO.csproj", "{1D7BE44A-92AD-4FBD-8C5C-0C1D75FBEBD4}"
EndProject
Project("{FAE04EC0-301F-11D3-BF4B-00C04F79EFBC}") = "ServiceContract", "ServiceContract\ServiceContract.csproj", "{208B17F9-2DC2-4714-A7F5-42B0E5EFEB9E}"
EndProject
Project("{FAE04EC0-301F-11D3-BF4B-00C04F79EFBC}") = "Service", "Service\Service.csproj", "{A1B3493F-5F10-40EE-9F18-08D1B2EC0702}"
EndProject
Project("{FAE04EC0-301F-11D3-BF4B-00C04F79EFBC}") = "Entities", "Entities\Entities.csproj", "{8F7AD1F8-AEA2-463D-9AA7-136C959EBFC7}"
EndProject
Global
	GlobalSection(SolutionConfigurationPlatforms) = preSolution
		Debug|Any CPU = Debug|Any CPU
		Release|Any CPU = Release|Any CPU
	EndGlobalSection
	GlobalSection(ProjectConfigurationPlatforms) = postSolution
		{6774AD64-2831-4485-ABD2-3C37EE9AB8A4}.Debug|Any CPU.ActiveCfg = Debug|Any CPU
		{6774AD64-2831-4485-ABD2-3C37EE9AB8A4}.Debug|Any CPU.Build.0 = Debug|Any CPU
		{6774AD64-2831-4485-ABD2-3C37EE9AB8A4}.Release|Any CPU.ActiveCfg = Release|Any CPU
		{6774AD64-2831-4485-ABD2-3C37EE9AB8A4}.Release|Any CPU.Build.0 = Release|Any CPU
		{1D7BE44A-92AD-4FBD-8C5C-0C1D75FBEBD4}.Debug|Any CPU.ActiveCfg = Debug|Any CPU
		{1D7BE44A-92AD-4FBD-8C5C-0C1D75FBEBD4}.Debug|Any CPU.Build.0 = Debug|Any CPU
		{1D7BE44A-92AD-4FBD-8C5C-0C1D75FBEBD4}.Release|Any CPU.ActiveCfg = Release|Any CPU
		{1D7BE44A-92AD-4FBD-8C5C-0C1D75FBEBD4}.Release|Any CPU.Build.0 = Release|Any CPU
		{208B17F9-2DC2-4714-A7F5-42B0E5EFEB9E}.Debug|Any CPU.ActiveCfg = Debug|Any CPU
		{208B17F9-2DC2-4714-A7F5-42B0E5EFEB9E}.Debug|Any CPU.Build.0 = Debug|Any CPU
		{208B17F9-2DC2-4714-A7F5-42B0E5EFEB9E}.Release|Any CPU.ActiveCfg = Release|Any CPU
		{208B17F9-2DC2-4714-A7F5-42B0E5EFEB9E}.Release|Any CPU.Build.0 = Release|Any CPU
		{A1B3493F-5F10-40EE-9F18-08D1B2EC0702}.Debug|Any CPU.ActiveCfg = Debug|Any CPU
		{A1B3493F-5F10-40EE-9F18-08D1B2EC0702}.Debug|Any CPU.Build.0 = Debug|Any CPU
		{A1B3493F-5F10-40EE-9F18-08D1B2EC0702}.Release|Any CPU.ActiveCfg = Release|Any CPU
		{A1B3493F-5F10-40EE-9F18-08D1B2EC0702}.Release|Any CPU.Build.0 = Release|Any CPU
		{8F7AD1F8-AEA2-463D-9AA7-136C959EBFC7}.Debug|Any CPU.ActiveCfg = Debug|Any CPU
		{8F7AD1F8-AEA2-463D-9AA7-136C959EBFC7}.Debug|Any CPU.Build.0 = Debug|Any CPU
		{8F7AD1F8-AEA2-463D-9AA7-136C959EBFC7}.Release|Any CPU.ActiveCfg = Release|Any CPU
		{8F7AD1F8-AEA2-463D-9AA7-136C959EBFC7}.Release|Any CPU.Build.0 = Release|Any CPU
	EndGlobalSection
	GlobalSection(SolutionProperties) = preSolution
		HideSolutionNode = FALSE
	EndGlobalSection
	GlobalSection(ExtensibilityGlobals) = postSolution
		SolutionGuid = {CCF65CAB-98B6-4B27-8F2F-6A5C7799C27D}
	EndGlobalSection
EndGlobal
